
Microsoft Visual Studio Solution File, Format Version 12.00
# Visual Studio Version 17
VisualStudioVersion = 17.4.33122.133
MinimumVisualStudioVersion = 10.0.40219.1
Project("{FAE04EC0-301F-11D3-BF4B-00C04F79EFBC}") = "resgistration.App", "src\resgistration.App\resgistration.App.csproj", "{2C057604-F4DD-4C83-AC45-2C749A5D8D62}"
EndProject
Project("{FAE04EC0-301F-11D3-BF4B-00C04F79EFBC}") = "registration.Business", "src\registration.Business\registration.Business.csproj", "{34CD9B55-3A93-49AA-99A8-F15A6FFC5F07}"
EndProject
Project("{FAE04EC0-301F-11D3-BF4B-00C04F79EFBC}") = "registration.Data", "src\registration.Data\registration.Data.csproj", "{A6A67838-9449-42D5-B2C5-52872C474326}"
EndProject
Global
	GlobalSection(SolutionConfigurationPlatforms) = preSolution
		Debug|Any CPU = Debug|Any CPU
		Release|Any CPU = Release|Any CPU
	EndGlobalSection
	GlobalSection(ProjectConfigurationPlatforms) = postSolution
		{2C057604-F4DD-4C83-AC45-2C749A5D8D62}.Debug|Any CPU.ActiveCfg = Debug|Any CPU
		{2C057604-F4DD-4C83-AC45-2C749A5D8D62}.Debug|Any CPU.Build.0 = Debug|Any CPU
		{2C057604-F4DD-4C83-AC45-2C749A5D8D62}.Release|Any CPU.ActiveCfg = Release|Any CPU
		{2C057604-F4DD-4C83-AC45-2C749A5D8D62}.Release|Any CPU.Build.0 = Release|Any CPU
		{34CD9B55-3A93-49AA-99A8-F15A6FFC5F07}.Debug|Any CPU.ActiveCfg = Debug|Any CPU
		{34CD9B55-3A93-49AA-99A8-F15A6FFC5F07}.Debug|Any CPU.Build.0 = Debug|Any CPU
		{34CD9B55-3A93-49AA-99A8-F15A6FFC5F07}.Release|Any CPU.ActiveCfg = Release|Any CPU
		{34CD9B55-3A93-49AA-99A8-F15A6FFC5F07}.Release|Any CPU.Build.0 = Release|Any CPU
		{A6A67838-9449-42D5-B2C5-52872C474326}.Debug|Any CPU.ActiveCfg = Debug|Any CPU
		{A6A67838-9449-42D5-B2C5-52872C474326}.Debug|Any CPU.Build.0 = Debug|Any CPU
		{A6A67838-9449-42D5-B2C5-52872C474326}.Release|Any CPU.ActiveCfg = Release|Any CPU
		{A6A67838-9449-42D5-B2C5-52872C474326}.Release|Any CPU.Build.0 = Release|Any CPU
	EndGlobalSection
	GlobalSection(SolutionProperties) = preSolution
		HideSolutionNode = FALSE
	EndGlobalSection
	GlobalSection(ExtensibilityGlobals) = postSolution
		SolutionGuid = {C0AAABDD-827D-4B2B-91FC-E7F425B7AA36}
	EndGlobalSection
EndGlobal
